
Microsoft Visual Studio Solution File, Format Version 12.00
# Visual Studio Version 17
VisualStudioVersion = 17.5.33414.496
MinimumVisualStudioVersion = 10.0.40219.1
Project("{9A19103F-16F7-4668-BE54-9A1E7A4F7556}") = "Scaffoldinglab2", "Scaffoldinglab2\Scaffoldinglab2.csproj", "{E9BA080F-583C-4718-B638-1F78F85C8CB4}"
EndProject
Global
	GlobalSection(SolutionConfigurationPlatforms) = preSolution
		Debug|Any CPU = Debug|Any CPU
		Release|Any CPU = Release|Any CPU
	EndGlobalSection
	GlobalSection(ProjectConfigurationPlatforms) = postSolution
		{E9BA080F-583C-4718-B638-1F78F85C8CB4}.Debug|Any CPU.ActiveCfg = Debug|Any CPU
		{E9BA080F-583C-4718-B638-1F78F85C8CB4}.Debug|Any CPU.Build.0 = Debug|Any CPU
		{E9BA080F-583C-4718-B638-1F78F85C8CB4}.Release|Any CPU.ActiveCfg = Release|Any CPU
		{E9BA080F-583C-4718-B638-1F78F85C8CB4}.Release|Any CPU.Build.0 = Release|Any CPU
	EndGlobalSection
	GlobalSection(SolutionProperties) = preSolution
		HideSolutionNode = FALSE
	EndGlobalSection
	GlobalSection(ExtensibilityGlobals) = postSolution
		SolutionGuid = {2A878B9A-430C-4BA1-AAAC-3AB606EA9EB1}
	EndGlobalSection
EndGlobal
